
Microsoft Visual Studio Solution File, Format Version 12.00
# Visual Studio Version 17
VisualStudioVersion = 17.5.33424.131
MinimumVisualStudioVersion = 10.0.40219.1
Project("{2150E333-8FDC-42A3-9474-1A3956D46DE8}") = "SM-Post", "SM-Post", "{4CB72A87-B0F5-4440-A048-1149BC00E80D}"
EndProject
Project("{2150E333-8FDC-42A3-9474-1A3956D46DE8}") = "CQRS-ES", "CQRS-ES", "{86F3348B-D7C8-4643-A520-74220F35BB6B}"
EndProject
Project("{9A19103F-16F7-4668-BE54-9A1E7A4F7556}") = "CQRS.Core", "CQRS-ES\CQRS.Core\CQRS.Core.csproj", "{C398AC2B-BDB3-4383-B6CF-3423CEE35470}"
EndProject
Project("{2150E333-8FDC-42A3-9474-1A3956D46DE8}") = "Post.Cmd", "Post.Cmd", "{6D0D1B51-BD47-4B80-A9A1-AD35391FA452}"
EndProject
Project("{2150E333-8FDC-42A3-9474-1A3956D46DE8}") = "Post.Query", "Post.Query", "{BEC62EA0-C423-42B4-9CEE-54A0FDB4CAC3}"
EndProject
Project("{9A19103F-16F7-4668-BE54-9A1E7A4F7556}") = "Post.Cmd.Api", "SM-Post\Post.Cmd\Post.Cmd.Api\Post.Cmd.Api.csproj", "{F3DF6009-934E-403E-960C-DD9A1FBEF8D7}"
EndProject
Project("{9A19103F-16F7-4668-BE54-9A1E7A4F7556}") = "Post.Cmd.Domain", "SM-Post\Post.Cmd\Post.Cmd.Domain\Post.Cmd.Domain.csproj", "{561AD6C9-7292-4A7A-AAD1-E192E05B092A}"
EndProject
Project("{9A19103F-16F7-4668-BE54-9A1E7A4F7556}") = "Post.Cmd.Infrastructure", "SM-Post\Post.Cmd\Post.Cmd.Infrastructure\Post.Cmd.Infrastructure.csproj", "{3279F285-91CB-4CFF-901C-45173257BF7A}"
EndProject
Project("{9A19103F-16F7-4668-BE54-9A1E7A4F7556}") = "Post.Query.Api", "SM-Post\Post.Query\Post.Query.Api\Post.Query.Api.csproj", "{94B7082E-4CE7-44F8-942B-073950EB3914}"
EndProject
Project("{9A19103F-16F7-4668-BE54-9A1E7A4F7556}") = "Post.Query.Domain", "SM-Post\Post.Query\Post.Query.Domain\Post.Query.Domain.csproj", "{A1F606ED-3A9F-4F0B-B677-D8673969E155}"
EndProject
Project("{9A19103F-16F7-4668-BE54-9A1E7A4F7556}") = "Post.Query.Infrastructure", "SM-Post\Post.Query\Post.Query.Infrastructure\Post.Query.Infrastructure.csproj", "{FA7BB82D-56F3-413B-B127-257AC90EA34C}"
EndProject
Project("{2150E333-8FDC-42A3-9474-1A3956D46DE8}") = "Post.Common", "Post.Common", "{DC55556D-EADF-4422-A4AF-A26691E37129}"
EndProject
Project("{9A19103F-16F7-4668-BE54-9A1E7A4F7556}") = "Post.Common", "SM-Post\Post.Common\Post.Common\Post.Common.csproj", "{B957A660-E04C-4CD7-92F9-EDB1139A706B}"
EndProject
Project("{9A19103F-16F7-4668-BE54-9A1E7A4F7556}") = "Post.Cmd.Application", "SM-Post\Post.Cmd\Post.Cmd.Application\Post.Cmd.Application.csproj", "{D38DA4F7-8B39-4CD8-855E-81A8676FA578}"
EndProject
Project("{E53339B2-1760-4266-BCC7-CA923CBCF16C}") = "docker-compose", "docker-compose.dcproj", "{DE6DBEB2-9212-4812-8EFC-50D81D49D87B}"
EndProject
Project("{FAE04EC0-301F-11D3-BF4B-00C04F79EFBC}") = "Post.Query.Application", "SM-Post\Post.Query\Post.Query.Application\Post.Query.Application.csproj", "{EC229D8F-9CA1-44BF-A1A1-7FF5EF9242F4}"
EndProject
Global
	GlobalSection(SolutionConfigurationPlatforms) = preSolution
		Debug|Any CPU = Debug|Any CPU
		Release|Any CPU = Release|Any CPU
	EndGlobalSection
	GlobalSection(ProjectConfigurationPlatforms) = postSolution
		{C398AC2B-BDB3-4383-B6CF-3423CEE35470}.Debug|Any CPU.ActiveCfg = Debug|Any CPU
		{C398AC2B-BDB3-4383-B6CF-3423CEE35470}.Debug|Any CPU.Build.0 = Debug|Any CPU
		{C398AC2B-BDB3-4383-B6CF-3423CEE35470}.Release|Any CPU.ActiveCfg = Release|Any CPU
		{C398AC2B-BDB3-4383-B6CF-3423CEE35470}.Release|Any CPU.Build.0 = Release|Any CPU
		{F3DF6009-934E-403E-960C-DD9A1FBEF8D7}.Debug|Any CPU.ActiveCfg = Debug|Any CPU
		{F3DF6009-934E-403E-960C-DD9A1FBEF8D7}.Debug|Any CPU.Build.0 = Debug|Any CPU
		{F3DF6009-934E-403E-960C-DD9A1FBEF8D7}.Release|Any CPU.ActiveCfg = Release|Any CPU
		{F3DF6009-934E-403E-960C-DD9A1FBEF8D7}.Release|Any CPU.Build.0 = Release|Any CPU
		{561AD6C9-7292-4A7A-AAD1-E192E05B092A}.Debug|Any CPU.ActiveCfg = Debug|Any CPU
		{561AD6C9-7292-4A7A-AAD1-E192E05B092A}.Debug|Any CPU.Build.0 = Debug|Any CPU
		{561AD6C9-7292-4A7A-AAD1-E192E05B092A}.Release|Any CPU.ActiveCfg = Release|Any CPU
		{561AD6C9-7292-4A7A-AAD1-E192E05B092A}.Release|Any CPU.Build.0 = Release|Any CPU
		{3279F285-91CB-4CFF-901C-45173257BF7A}.Debug|Any CPU.ActiveCfg = Debug|Any CPU
		{3279F285-91CB-4CFF-901C-45173257BF7A}.Debug|Any CPU.Build.0 = Debug|Any CPU
		{3279F285-91CB-4CFF-901C-45173257BF7A}.Release|Any CPU.ActiveCfg = Release|Any CPU
		{3279F285-91CB-4CFF-901C-45173257BF7A}.Release|Any CPU.Build.0 = Release|Any CPU
		{94B7082E-4CE7-44F8-942B-073950EB3914}.Debug|Any CPU.ActiveCfg = Debug|Any CPU
		{94B7082E-4CE7-44F8-942B-073950EB3914}.Debug|Any CPU.Build.0 = Debug|Any CPU
		{94B7082E-4CE7-44F8-942B-073950EB3914}.Release|Any CPU.ActiveCfg = Release|Any CPU
		{94B7082E-4CE7-44F8-942B-073950EB3914}.Release|Any CPU.Build.0 = Release|Any CPU
		{A1F606ED-3A9F-4F0B-B677-D8673969E155}.Debug|Any CPU.ActiveCfg = Debug|Any CPU
		{A1F606ED-3A9F-4F0B-B677-D8673969E155}.Debug|Any CPU.Build.0 = Debug|Any CPU
		{A1F606ED-3A9F-4F0B-B677-D8673969E155}.Release|Any CPU.ActiveCfg = Release|Any CPU
		{A1F606ED-3A9F-4F0B-B677-D8673969E155}.Release|Any CPU.Build.0 = Release|Any CPU
		{FA7BB82D-56F3-413B-B127-257AC90EA34C}.Debug|Any CPU.ActiveCfg = Debug|Any CPU
		{FA7BB82D-56F3-413B-B127-257AC90EA34C}.Debug|Any CPU.Build.0 = Debug|Any CPU
		{FA7BB82D-56F3-413B-B127-257AC90EA34C}.Release|Any CPU.ActiveCfg = Release|Any CPU
		{FA7BB82D-56F3-413B-B127-257AC90EA34C}.Release|Any CPU.Build.0 = Release|Any CPU
		{B957A660-E04C-4CD7-92F9-EDB1139A706B}.Debug|Any CPU.ActiveCfg = Debug|Any CPU
		{B957A660-E04C-4CD7-92F9-EDB1139A706B}.Debug|Any CPU.Build.0 = Debug|Any CPU
		{B957A660-E04C-4CD7-92F9-EDB1139A706B}.Release|Any CPU.ActiveCfg = Release|Any CPU
		{B957A660-E04C-4CD7-92F9-EDB1139A706B}.Release|Any CPU.Build.0 = Release|Any CPU
		{D38DA4F7-8B39-4CD8-855E-81A8676FA578}.Debug|Any CPU.ActiveCfg = Debug|Any CPU
		{D38DA4F7-8B39-4CD8-855E-81A8676FA578}.Debug|Any CPU.Build.0 = Debug|Any CPU
		{D38DA4F7-8B39-4CD8-855E-81A8676FA578}.Release|Any CPU.ActiveCfg = Release|Any CPU
		{D38DA4F7-8B39-4CD8-855E-81A8676FA578}.Release|Any CPU.Build.0 = Release|Any CPU
		{DE6DBEB2-9212-4812-8EFC-50D81D49D87B}.Debug|Any CPU.ActiveCfg = Debug|Any CPU
		{DE6DBEB2-9212-4812-8EFC-50D81D49D87B}.Debug|Any CPU.Build.0 = Debug|Any CPU
		{DE6DBEB2-9212-4812-8EFC-50D81D49D87B}.Release|Any CPU.ActiveCfg = Release|Any CPU
		{DE6DBEB2-9212-4812-8EFC-50D81D49D87B}.Release|Any CPU.Build.0 = Release|Any CPU
		{EC229D8F-9CA1-44BF-A1A1-7FF5EF9242F4}.Debug|Any CPU.ActiveCfg = Debug|Any CPU
		{EC229D8F-9CA1-44BF-A1A1-7FF5EF9242F4}.Debug|Any CPU.Build.0 = Debug|Any CPU
		{EC229D8F-9CA1-44BF-A1A1-7FF5EF9242F4}.Release|Any CPU.ActiveCfg = Release|Any CPU
		{EC229D8F-9CA1-44BF-A1A1-7FF5EF9242F4}.Release|Any CPU.Build.0 = Release|Any CPU
	EndGlobalSection
	GlobalSection(SolutionProperties) = preSolution
		HideSolutionNode = FALSE
	EndGlobalSection
	GlobalSection(NestedProjects) = preSolution
		{C398AC2B-BDB3-4383-B6CF-3423CEE35470} = {86F3348B-D7C8-4643-A520-74220F35BB6B}
		{6D0D1B51-BD47-4B80-A9A1-AD35391FA452} = {4CB72A87-B0F5-4440-A048-1149BC00E80D}
		{BEC62EA0-C423-42B4-9CEE-54A0FDB4CAC3} = {4CB72A87-B0F5-4440-A048-1149BC00E80D}
		{F3DF6009-934E-403E-960C-DD9A1FBEF8D7} = {6D0D1B51-BD47-4B80-A9A1-AD35391FA452}
		{561AD6C9-7292-4A7A-AAD1-E192E05B092A} = {6D0D1B51-BD47-4B80-A9A1-AD35391FA452}
		{3279F285-91CB-4CFF-901C-45173257BF7A} = {6D0D1B51-BD47-4B80-A9A1-AD35391FA452}
		{94B7082E-4CE7-44F8-942B-073950EB3914} = {BEC62EA0-C423-42B4-9CEE-54A0FDB4CAC3}
		{A1F606ED-3A9F-4F0B-B677-D8673969E155} = {BEC62EA0-C423-42B4-9CEE-54A0FDB4CAC3}
		{FA7BB82D-56F3-413B-B127-257AC90EA34C} = {BEC62EA0-C423-42B4-9CEE-54A0FDB4CAC3}
		{DC55556D-EADF-4422-A4AF-A26691E37129} = {4CB72A87-B0F5-4440-A048-1149BC00E80D}
		{B957A660-E04C-4CD7-92F9-EDB1139A706B} = {DC55556D-EADF-4422-A4AF-A26691E37129}
		{D38DA4F7-8B39-4CD8-855E-81A8676FA578} = {6D0D1B51-BD47-4B80-A9A1-AD35391FA452}
		{EC229D8F-9CA1-44BF-A1A1-7FF5EF9242F4} = {BEC62EA0-C423-42B4-9CEE-54A0FDB4CAC3}
	EndGlobalSection
	GlobalSection(ExtensibilityGlobals) = postSolution
		SolutionGuid = {2E72776E-85C1-4057-868A-9DB035E482DC}
	EndGlobalSection
EndGlobal
